" Generated by vim-plug
" Tue Jun 11 10:19:02 2019
" :source this file in vim to restore the snapshot
" or execute: vim -S snapshot.vim

silent! let g:plugs['CRDispatcher'].commit = '9822d16'
silent! let g:plugs['EnchantedVim'].commit = '84f60b4'
silent! let g:plugs['alchemist.vim'].commit = '4cf1cc4'
silent! let g:plugs['ale'].commit = '7b78f2b'
silent! let g:plugs['coc.nvim'].commit = '0b97d1b'
silent! let g:plugs['dart-vim-plugin'].commit = '8ffc3e2'
silent! let g:plugs['emmet-vim'].commit = '24fbb0a'
silent! let g:plugs['fzf.vim'].commit = '5c87ab8'
silent! let g:plugs['gundo.vim'].commit = '46c443e'
silent! let g:plugs['vim-airline'].commit = '826561d'
silent! let g:plugs['vim-autoread'].commit = '7e83d47'
silent! let g:plugs['vim-blockle'].commit = '71532ed'
silent! let g:plugs['vim-bundler'].commit = '67984a3'
silent! let g:plugs['vim-commentary'].commit = '141d9d3'
silent! let g:plugs['vim-css-color'].commit = '8a84356'
silent! let g:plugs['vim-db'].commit = 'ffc1d86'
silent! let g:plugs['vim-devicons'].commit = 'cdc08fd'
silent! let g:plugs['vim-dispatch'].commit = 'eac3a56'
silent! let g:plugs['vim-elixir'].commit = '38e8bbf'
silent! let g:plugs['vim-ember-imports'].commit = 'c565bca'
silent! let g:plugs['vim-eunuch'].commit = 'e066a09'
silent! let g:plugs['vim-fugitive'].commit = '41a734e'
silent! let g:plugs['vim-gotham'].commit = '6e2d8b9'
silent! let g:plugs['vim-handlebars'].commit = '1eeeff8'
silent! let g:plugs['vim-javascript'].commit = 'ee44580'
silent! let g:plugs['vim-javascript-imports'].commit = 'ce080ac'
silent! let g:plugs['vim-jdaddy'].commit = 'fccddca'
silent! let g:plugs['vim-lilypond'].commit = '8f0244c'
silent! let g:plugs['vim-over'].commit = '7a56119'
silent! let g:plugs['vim-polyglot'].commit = 'aebef2c'
silent! let g:plugs['vim-projectionist'].commit = 'acf7361'
silent! let g:plugs['vim-rails'].commit = '2b33a3d'
silent! let g:plugs['vim-rake'].commit = '673289c'
silent! let g:plugs['vim-repeat'].commit = '0b9b5e7'
silent! let g:plugs['vim-rhubarb'].commit = '70713ca'
silent! let g:plugs['vim-rsi'].commit = '8b7abe2'
silent! let g:plugs['vim-startify'].commit = 'a27df83'
silent! let g:plugs['vim-surround'].commit = 'ca58a2d'
silent! let g:plugs['vim-tmux-clipboard'].commit = '4718774'
silent! let g:plugs['vim-tmux-focus-events'].commit = '0f89b1a'
silent! let g:plugs['vim-tmux-navigator'].commit = '5bc640d'
silent! let g:plugs['vim-unimpaired'].commit = 'e779230'
silent! let g:plugs['vim-vinegar'].commit = '09ac84c'

PlugUpdate!

